
Microsoft Visual Studio Solution File, Format Version 12.00
# Visual Studio Version 17
VisualStudioVersion = 17.9.34728.123
MinimumVisualStudioVersion = 10.0.40219.1
Project("{9A19103F-16F7-4668-BE54-9A1E7A4F7556}") = "Naveasy", "Naveasy\Naveasy.csproj", "{16B9E508-99F2-42B7-B226-1432E5431C13}"
EndProject
Global
	GlobalSection(SolutionConfigurationPlatforms) = preSolution
		Debug|Any CPU = Debug|Any CPU
		Release|Any CPU = Release|Any CPU
	EndGlobalSection
	GlobalSection(ProjectConfigurationPlatforms) = postSolution
		{16B9E508-99F2-42B7-B226-1432E5431C13}.Debug|Any CPU.ActiveCfg = Debug|Any CPU
		{16B9E508-99F2-42B7-B226-1432E5431C13}.Debug|Any CPU.Build.0 = Debug|Any CPU
		{16B9E508-99F2-42B7-B226-1432E5431C13}.Release|Any CPU.ActiveCfg = Release|Any CPU
		{16B9E508-99F2-42B7-B226-1432E5431C13}.Release|Any CPU.Build.0 = Release|Any CPU
	EndGlobalSection
	GlobalSection(SolutionProperties) = preSolution
		HideSolutionNode = FALSE
	EndGlobalSection
	GlobalSection(ExtensibilityGlobals) = postSolution
		SolutionGuid = {9AF1D808-8043-4AEC-B918-EC7F3C427A8A}
	EndGlobalSection
EndGlobal
